Microsoft Visual Studio Solution File, Format Version 12.00
# Visual Studio Version 17
VisualStudioVersion = 17.5.2.0
MinimumVisualStudioVersion = 10.0.40219.1
Project("{FAE04EC0-301F-11D3-BF4B-00C04F79EFBC}") = "VpMeta", "VpMeta\VpMeta.csproj", "{FA186359-4FF9-5E3F-3F77-19EAFFC4187A}"
EndProject
Project("{FAE04EC0-301F-11D3-BF4B-00C04F79EFBC}") = "VpMeta.Tests", "VpMeta.Tests\VpMeta.Tests.csproj", "{1957E66E-7C2A-4058-BF92-79C245659C1D}"
EndProject
Global
	GlobalSection(SolutionConfigurationPlatforms) = preSolution
		Debug|Any CPU = Debug|Any CPU
		Release|Any CPU = Release|Any CPU
	EndGlobalSection
	GlobalSection(ProjectConfigurationPlatforms) = postSolution
		{FA186359-4FF9-5E3F-3F77-19EAFFC4187A}.Debug|Any CPU.ActiveCfg = Debug|Any CPU
		{FA186359-4FF9-5E3F-3F77-19EAFFC4187A}.Debug|Any CPU.Build.0 = Debug|Any CPU
		{FA186359-4FF9-5E3F-3F77-19EAFFC4187A}.Release|Any CPU.ActiveCfg = Release|Any CPU
		{FA186359-4FF9-5E3F-3F77-19EAFFC4187A}.Release|Any CPU.Build.0 = Release|Any CPU
		{1957E66E-7C2A-4058-BF92-79C245659C1D}.Debug|Any CPU.ActiveCfg = Debug|Any CPU
		{1957E66E-7C2A-4058-BF92-79C245659C1D}.Debug|Any CPU.Build.0 = Debug|Any CPU
		{1957E66E-7C2A-4058-BF92-79C245659C1D}.Release|Any CPU.ActiveCfg = Release|Any CPU
		{1957E66E-7C2A-4058-BF92-79C245659C1D}.Release|Any CPU.Build.0 = Release|Any CPU
	EndGlobalSection
	GlobalSection(SolutionProperties) = preSolution
		HideSolutionNode = FALSE
	EndGlobalSection
	GlobalSection(ExtensibilityGlobals) = postSolution
		SolutionGuid = {3E0F4CE5-0CDC-42E8-971F-85018BDACF21}
	EndGlobalSection
EndGlobal
