Microsoft Visual Studio Solution File, Format Version 12.00
# Visual Studio Version 17
VisualStudioVersion = 17.5.2.0
MinimumVisualStudioVersion = 10.0.40219.1
Project("{FAE04EC0-301F-11D3-BF4B-00C04F79EFBC}") = "VpMeta", "VpMeta\VpMeta.csproj", "{FA186359-4FF9-5E3F-3F77-19EAFFC4187A}"
EndProject
Project("{FAE04EC0-301F-11D3-BF4B-00C04F79EFBC}") = "VpMeta.Tests", "VpMeta.Tests\VpMeta.Tests.csproj", "{1957E66E-7C2A-4058-BF92-79C245659C1D}"
EndProject
Project("{FAE04EC0-301F-11D3-BF4B-00C04F79EFBC}") = "VpMeta.Infrastructure", "VpMeta.Infrastructure\VpMeta.Infrastructure.csproj", "{9EAB34C6-F2AA-426E-B392-01D24C0E8D7A}"
EndProject
Project("{FAE04EC0-301F-11D3-BF4B-00C04F79EFBC}") = "VpMeta.Domain", "VpMeta.Domain\VpMeta.Domain.csproj", "{6A562F9F-8396-47CC-ADFB-AFF9C798FC63}"
EndProject
Project("{FAE04EC0-301F-11D3-BF4B-00C04F79EFBC}") = "VpMeta.Migrations.Sqlite", "VpMeta.Migrations.Sqlite\VpMeta.Migrations.Sqlite.csproj", "{B40ED7F3-F1FF-4E54-9D5C-051427A276E7}"
EndProject
Project("{FAE04EC0-301F-11D3-BF4B-00C04F79EFBC}") = "VpMeta.Migrations.SqlServer", "VpMeta.Migrations.SqlServer\VpMeta.Migrations.SqlServer.csproj", "{F79E40D3-71E4-4333-8468-DEF03F15674E}"
EndProject
Global
	GlobalSection(SolutionConfigurationPlatforms) = preSolution
		Debug|Any CPU = Debug|Any CPU
		Release|Any CPU = Release|Any CPU
	EndGlobalSection
	GlobalSection(ProjectConfigurationPlatforms) = postSolution
		{FA186359-4FF9-5E3F-3F77-19EAFFC4187A}.Debug|Any CPU.ActiveCfg = Debug|Any CPU
		{FA186359-4FF9-5E3F-3F77-19EAFFC4187A}.Debug|Any CPU.Build.0 = Debug|Any CPU
		{FA186359-4FF9-5E3F-3F77-19EAFFC4187A}.Release|Any CPU.ActiveCfg = Release|Any CPU
		{FA186359-4FF9-5E3F-3F77-19EAFFC4187A}.Release|Any CPU.Build.0 = Release|Any CPU
		{1957E66E-7C2A-4058-BF92-79C245659C1D}.Debug|Any CPU.ActiveCfg = Debug|Any CPU
		{1957E66E-7C2A-4058-BF92-79C245659C1D}.Debug|Any CPU.Build.0 = Debug|Any CPU
		{1957E66E-7C2A-4058-BF92-79C245659C1D}.Release|Any CPU.ActiveCfg = Release|Any CPU
		{1957E66E-7C2A-4058-BF92-79C245659C1D}.Release|Any CPU.Build.0 = Release|Any CPU
		{9EAB34C6-F2AA-426E-B392-01D24C0E8D7A}.Debug|Any CPU.ActiveCfg = Debug|Any CPU
		{9EAB34C6-F2AA-426E-B392-01D24C0E8D7A}.Debug|Any CPU.Build.0 = Debug|Any CPU
		{9EAB34C6-F2AA-426E-B392-01D24C0E8D7A}.Release|Any CPU.ActiveCfg = Release|Any CPU
		{9EAB34C6-F2AA-426E-B392-01D24C0E8D7A}.Release|Any CPU.Build.0 = Release|Any CPU
		{6A562F9F-8396-47CC-ADFB-AFF9C798FC63}.Debug|Any CPU.ActiveCfg = Debug|Any CPU
		{6A562F9F-8396-47CC-ADFB-AFF9C798FC63}.Debug|Any CPU.Build.0 = Debug|Any CPU
		{6A562F9F-8396-47CC-ADFB-AFF9C798FC63}.Release|Any CPU.ActiveCfg = Release|Any CPU
		{6A562F9F-8396-47CC-ADFB-AFF9C798FC63}.Release|Any CPU.Build.0 = Release|Any CPU
		{B40ED7F3-F1FF-4E54-9D5C-051427A276E7}.Debug|Any CPU.ActiveCfg = Debug|Any CPU
		{B40ED7F3-F1FF-4E54-9D5C-051427A276E7}.Debug|Any CPU.Build.0 = Debug|Any CPU
		{B40ED7F3-F1FF-4E54-9D5C-051427A276E7}.Release|Any CPU.ActiveCfg = Release|Any CPU
		{B40ED7F3-F1FF-4E54-9D5C-051427A276E7}.Release|Any CPU.Build.0 = Release|Any CPU
		{F79E40D3-71E4-4333-8468-DEF03F15674E}.Debug|Any CPU.ActiveCfg = Debug|Any CPU
		{F79E40D3-71E4-4333-8468-DEF03F15674E}.Debug|Any CPU.Build.0 = Debug|Any CPU
		{F79E40D3-71E4-4333-8468-DEF03F15674E}.Release|Any CPU.ActiveCfg = Release|Any CPU
		{F79E40D3-71E4-4333-8468-DEF03F15674E}.Release|Any CPU.Build.0 = Release|Any CPU
	EndGlobalSection
	GlobalSection(SolutionProperties) = preSolution
		HideSolutionNode = FALSE
	EndGlobalSection
	GlobalSection(ExtensibilityGlobals) = postSolution
		SolutionGuid = {3E0F4CE5-0CDC-42E8-971F-85018BDACF21}
	EndGlobalSection
EndGlobal
